
Microsoft Visual Studio Solution File, Format Version 12.00
# Visual Studio 14
VisualStudioVersion = 14.0.25420.1
MinimumVisualStudioVersion = 10.0.40219.1
Project("{FAE04EC0-301F-11D3-BF4B-00C04F79EFBC}") = "OOP_ZAD3", "OOP_ZAD3.csproj", "{0A6029C1-EF59-46BB-8AEE-6754610AF3EF}"
EndProject
Global
	GlobalSection(SolutionConfigurationPlatforms) = preSolution
		Debug|Any CPU = Debug|Any CPU
		Release|Any CPU = Release|Any CPU
	EndGlobalSection
	GlobalSection(ProjectConfigurationPlatforms) = postSolution
		{0A6029C1-EF59-46BB-8AEE-6754610AF3EF}.Debug|Any CPU.ActiveCfg = Debug|Any CPU
		{0A6029C1-EF59-46BB-8AEE-6754610AF3EF}.Debug|Any CPU.Build.0 = Debug|Any CPU
		{0A6029C1-EF59-46BB-8AEE-6754610AF3EF}.Release|Any CPU.ActiveCfg = Release|Any CPU
		{0A6029C1-EF59-46BB-8AEE-6754610AF3EF}.Release|Any CPU.Build.0 = Release|Any CPU
	EndGlobalSection
	GlobalSection(SolutionProperties) = preSolution
		HideSolutionNode = FALSE
	EndGlobalSection
EndGlobal
